
Microsoft Visual Studio Solution File, Format Version 12.00
# Visual Studio 2013
VisualStudioVersion = 12.0.40629.0
MinimumVisualStudioVersion = 10.0.40219.1
Project("{FAE04EC0-301F-11D3-BF4B-00C04F79EFBC}") = "BLL", "BLL\BLL.csproj", "{9C2B9672-85B8-453B-9E5D-49CC6DD8C8A9}"
EndProject
Project("{FAE04EC0-301F-11D3-BF4B-00C04F79EFBC}") = "Common", "Common\Common.csproj", "{B2640B6A-73A0-48F0-86E4-9D0D50E58467}"
EndProject
Project("{FAE04EC0-301F-11D3-BF4B-00C04F79EFBC}") = "DAL", "DAL\DAL.csproj", "{306F6F45-4DF3-468F-8C3A-2E172E132265}"
EndProject
Project("{FAE04EC0-301F-11D3-BF4B-00C04F79EFBC}") = "Model", "Model\Model.csproj", "{A661A86F-A5C9-4B35-B0D7-D16AF1D13C8D}"
EndProject
Project("{FAE04EC0-301F-11D3-BF4B-00C04F79EFBC}") = "FpUtility", "FreezerProUtility\FpUtility.csproj", "{8F8A2679-A4E7-4F84-8306-74C7BC8CD24C}"
EndProject
Project("{FAE04EC0-301F-11D3-BF4B-00C04F79EFBC}") = "Web", "Web\Web.csproj", "{3436A951-E869-4DDA-BB83-EAF8B05EBF76}"
EndProject
Project("{FAE04EC0-301F-11D3-BF4B-00C04F79EFBC}") = "DBUtility", "DBUtility\DBUtility.csproj", "{0988C62E-247F-471F-A183-DB509C7A3839}"
EndProject
Global
	GlobalSection(SolutionConfigurationPlatforms) = preSolution
		Debug|Any CPU = Debug|Any CPU
		Release|Any CPU = Release|Any CPU
	EndGlobalSection
	GlobalSection(ProjectConfigurationPlatforms) = postSolution
		{9C2B9672-85B8-453B-9E5D-49CC6DD8C8A9}.Debug|Any CPU.ActiveCfg = Debug|Any CPU
		{9C2B9672-85B8-453B-9E5D-49CC6DD8C8A9}.Debug|Any CPU.Build.0 = Debug|Any CPU
		{9C2B9672-85B8-453B-9E5D-49CC6DD8C8A9}.Release|Any CPU.ActiveCfg = Release|Any CPU
		{9C2B9672-85B8-453B-9E5D-49CC6DD8C8A9}.Release|Any CPU.Build.0 = Release|Any CPU
		{B2640B6A-73A0-48F0-86E4-9D0D50E58467}.Debug|Any CPU.ActiveCfg = Debug|Any CPU
		{B2640B6A-73A0-48F0-86E4-9D0D50E58467}.Debug|Any CPU.Build.0 = Debug|Any CPU
		{B2640B6A-73A0-48F0-86E4-9D0D50E58467}.Release|Any CPU.ActiveCfg = Release|Any CPU
		{B2640B6A-73A0-48F0-86E4-9D0D50E58467}.Release|Any CPU.Build.0 = Release|Any CPU
		{306F6F45-4DF3-468F-8C3A-2E172E132265}.Debug|Any CPU.ActiveCfg = Debug|Any CPU
		{306F6F45-4DF3-468F-8C3A-2E172E132265}.Debug|Any CPU.Build.0 = Debug|Any CPU
		{306F6F45-4DF3-468F-8C3A-2E172E132265}.Release|Any CPU.ActiveCfg = Release|Any CPU
		{306F6F45-4DF3-468F-8C3A-2E172E132265}.Release|Any CPU.Build.0 = Release|Any CPU
		{A661A86F-A5C9-4B35-B0D7-D16AF1D13C8D}.Debug|Any CPU.ActiveCfg = Debug|Any CPU
		{A661A86F-A5C9-4B35-B0D7-D16AF1D13C8D}.Debug|Any CPU.Build.0 = Debug|Any CPU
		{A661A86F-A5C9-4B35-B0D7-D16AF1D13C8D}.Release|Any CPU.ActiveCfg = Release|Any CPU
		{A661A86F-A5C9-4B35-B0D7-D16AF1D13C8D}.Release|Any CPU.Build.0 = Release|Any CPU
		{8F8A2679-A4E7-4F84-8306-74C7BC8CD24C}.Debug|Any CPU.ActiveCfg = Debug|Any CPU
		{8F8A2679-A4E7-4F84-8306-74C7BC8CD24C}.Debug|Any CPU.Build.0 = Debug|Any CPU
		{8F8A2679-A4E7-4F84-8306-74C7BC8CD24C}.Release|Any CPU.ActiveCfg = Release|Any CPU
		{8F8A2679-A4E7-4F84-8306-74C7BC8CD24C}.Release|Any CPU.Build.0 = Release|Any CPU
		{3436A951-E869-4DDA-BB83-EAF8B05EBF76}.Debug|Any CPU.ActiveCfg = Debug|Any CPU
		{3436A951-E869-4DDA-BB83-EAF8B05EBF76}.Debug|Any CPU.Build.0 = Debug|Any CPU
		{3436A951-E869-4DDA-BB83-EAF8B05EBF76}.Release|Any CPU.ActiveCfg = Release|Any CPU
		{3436A951-E869-4DDA-BB83-EAF8B05EBF76}.Release|Any CPU.Build.0 = Release|Any CPU
		{0988C62E-247F-471F-A183-DB509C7A3839}.Debug|Any CPU.ActiveCfg = Debug|Any CPU
		{0988C62E-247F-471F-A183-DB509C7A3839}.Debug|Any CPU.Build.0 = Debug|Any CPU
		{0988C62E-247F-471F-A183-DB509C7A3839}.Release|Any CPU.ActiveCfg = Release|Any CPU
		{0988C62E-247F-471F-A183-DB509C7A3839}.Release|Any CPU.Build.0 = Release|Any CPU
	EndGlobalSection
	GlobalSection(SolutionProperties) = preSolution
		HideSolutionNode = FALSE
	EndGlobalSection
EndGlobal
